
Microsoft Visual Studio Solution File, Format Version 12.00
# Visual Studio Version 17
VisualStudioVersion = 17.14.36518.9 d17.14
MinimumVisualStudioVersion = 10.0.40219.1
Project("{8BC9CEB8-8B4A-11D0-8D11-00A0C91BC942}") = "BirdHouse", "BirdHouse\BirdHouse.vcxproj", "{F7A3A9DA-C2E6-4644-9171-9A27F3E99D57}"
EndProject
Global
	GlobalSection(SolutionConfigurationPlatforms) = preSolution
		Release|x64 = Release|x64
	EndGlobalSection
	GlobalSection(ProjectConfigurationPlatforms) = postSolution
		{F7A3A9DA-C2E6-4644-9171-9A27F3E99D57}.Release|x64.ActiveCfg = Release|x64
		{F7A3A9DA-C2E6-4644-9171-9A27F3E99D57}.Release|x64.Build.0 = Release|x64
	EndGlobalSection
	GlobalSection(SolutionProperties) = preSolution
		HideSolutionNode = FALSE
	EndGlobalSection
	GlobalSection(ExtensibilityGlobals) = postSolution
		SolutionGuid = {2FE2F011-CE81-4721-9C9D-A38D361CD596}
	EndGlobalSection
EndGlobal
